github.com/rcrowley/go-metrics v0.0.0-20181016184325-3113b8401b8a h1:9ZKAASQSHhDYGoxY8uLVpewe1GDZ2vu2Tr/vTdVAkFQ=
github.com/rcrowley/go-metrics v0.0.0-20181016184325-3113b8401b8a/go.mod h1:bCqnVzQkZxMG4s8nGwiZ5l3QUCyqpo9Y+/ZMZ9VjZe4=
github.com/wirepair/netcode v0.0.0-20181109005356-568e8d518e34 h1:tlA694ngjcbMtGYQOz/ve9I9gxhw5WUBoO4fnY1gdqE=
github.com/wirepair/netcode v0.0.0-20181109005356-568e8d518e34/go.mod h1:orRsQ8Ab3D8CA7j37MdRKkAe+F4GECswIXrpXpRtM64=
golang.org/x/crypto v0.0.0-20180228161326-91a49db82a88 h1:jLkAo/qlT9whgCLYC5GAJ9kcKrv3Wj8VCc4N+KJ4wpw=
golang.org/x/crypto v0.0.0-20180228161326-91a49db82a88/go.mod h1:6SG95UA2DQfeDnfUPMdvaQW0Q7yPrPDi9nlGo2tz2b4=
